
Microsoft Visual Studio Solution File, Format Version 12.00
# Visual Studio Version 16
VisualStudioVersion = 16.0.31005.135
MinimumVisualStudioVersion = 10.0.40219.1
Project("{FAE04EC0-301F-11D3-BF4B-00C04F79EFBC}") = "UtilityKnife", "UtilityKnife\UtilityKnife.csproj", "{410764FB-8A6C-4BD9-8C87-E155C0EF9B49}"
EndProject
Global
	GlobalSection(SolutionConfigurationPlatforms) = preSolution
		Debug|Any CPU = Debug|Any CPU
		Release|Any CPU = Release|Any CPU
	EndGlobalSection
	GlobalSection(ProjectConfigurationPlatforms) = postSolution
		{410764FB-8A6C-4BD9-8C87-E155C0EF9B49}.Debug|Any CPU.ActiveCfg = Debug|Any CPU
		{410764FB-8A6C-4BD9-8C87-E155C0EF9B49}.Debug|Any CPU.Build.0 = Debug|Any CPU
		{410764FB-8A6C-4BD9-8C87-E155C0EF9B49}.Release|Any CPU.ActiveCfg = Release|Any CPU
		{410764FB-8A6C-4BD9-8C87-E155C0EF9B49}.Release|Any CPU.Build.0 = Release|Any CPU
	EndGlobalSection
	GlobalSection(SolutionProperties) = preSolution
		HideSolutionNode = FALSE
	EndGlobalSection
	GlobalSection(ExtensibilityGlobals) = postSolution
		SolutionGuid = {54E8379E-9586-47F4-AF8F-20F0DE4792F8}
	EndGlobalSection
EndGlobal
